// !$*UTF8*$!
{
	archiveVersion = 1;
	classes = {
	};
	objectVersion = 50;
	objects = {

/* Begin PBXBuildFile section */
		954CBE0E2178E5CF0018CAC8 /* AppDelegate.swift in Sources */ = {isa = PBXBuildFile; fileRef = 954CBE0D2178E5CF0018CAC8 /* AppDelegate.swift */; };
		954CBE102178E5CF0018CAC8 /* TodoListViewController.swift in Sources */ = {isa = PBXBuildFile; fileRef = 954CBE0F2178E5CF0018CAC8 /* TodoListViewController.swift */; };
		954CBE132178E5CF0018CAC8 /* Main.storyboard in Resources */ = {isa = PBXBuildFile; fileRef = 954CBE112178E5CF0018CAC8 /* Main.storyboard */; };
		954CBE152178E5D00018CAC8 /* Assets.xcassets in Resources */ = {isa = PBXBuildFile; fileRef = 954CBE142178E5D00018CAC8 /* Assets.xcassets */; };
		954CBE182178E5D00018CAC8 /* LaunchScreen.storyboard in Resources */ = {isa = PBXBuildFile; fileRef = 954CBE162178E5D00018CAC8 /* LaunchScreen.storyboard */; };
		954FF3882188C1B8004ABB9B /* CategoryViewController.swift in Sources */ = {isa = PBXBuildFile; fileRef = 954FF3872188C1B8004ABB9B /* CategoryViewController.swift */; };
		95A03FD921ADBB0900E14A61 /* SwipeTableViewController.swift in Sources */ = {isa = PBXBuildFile; fileRef = 95A03FD821ADBB0900E14A61 /* SwipeTableViewController.swift */; };
		95DC90CF2194A2B900EDCABC /* Item.swift in Sources */ = {isa = PBXBuildFile; fileRef = 95DC90CE2194A2B900EDCABC /* Item.swift */; };
		95DC90D12194A2D600EDCABC /* Category.swift in Sources */ = {isa = PBXBuildFile; fileRef = 95DC90D02194A2D600EDCABC /* Category.swift */; };
		B7018D83BAF71B534AA8843D /* Pods_ToDoey.framework in Frameworks */ = {isa = PBXBuildFile; fileRef = EA4F551D3EB9A9898BD6CFD0 /* Pods_ToDoey.framework */; };
/* End PBXBuildFile section */

/* Begin PBXFileReference section */
		0C00F394A527D488B182849F /* Pods-ToDoey.release.xcconfig */ = {isa = PBXFileReference; includeInIndex = 1; lastKnownFileType = text.xcconfig; name = "Pods-ToDoey.release.xcconfig"; path = "Pods/Target Support Files/Pods-ToDoey/Pods-ToDoey.release.xcconfig"; sourceTree = "<group>"; };
		954CBE0A2178E5CF0018CAC8 /* ToDoey.app */ = {isa = PBXFileReference; explicitFileType = wrapper.application; includeInIndex = 0; path = ToDoey.app; sourceTree = BUILT_PRODUCTS_DIR; };
		954CBE0D2178E5CF0018CAC8 /* AppDelegate.swift */ = {isa = PBXFileReference; lastKnownFileType = sourcecode.swift; path = AppDelegate.swift; sourceTree = "<group>"; };
		954CBE0F2178E5CF0018CAC8 /* TodoListViewController.swift */ = {isa = PBXFileReference; lastKnownFileType = sourcecode.swift; path = TodoListViewController.swift; sourceTree = "<group>"; };
		954CBE122178E5CF0018CAC8 /* Base */ = {isa = PBXFileReference; lastKnownFileType = file.storyboard; name = Base; path = Base.lproj/Main.storyboard; sourceTree = "<group>"; };
		954CBE142178E5D00018CAC8 /* Assets.xcassets */ = {isa = PBXFileReference; lastKnownFileType = folder.assetcatalog; path = Assets.xcassets; sourceTree = "<group>"; };
		954CBE172178E5D00018CAC8 /* Base */ = {isa = PBXFileReference; lastKnownFileType = file.storyboard; name = Base; path = Base.lproj/LaunchScreen.storyboard; sourceTree = "<group>"; };
		954CBE192178E5D00018CAC8 /* Info.plist */ = {isa = PBXFileReference; lastKnownFileType = text.plist.xml; path = Info.plist; sourceTree = "<group>"; };
		954FF3872188C1B8004ABB9B /* CategoryViewController.swift */ = {isa = PBXFileReference; lastKnownFileType = sourcecode.swift; path = CategoryViewController.swift; sourceTree = "<group>"; };
		95A03FD821ADBB0900E14A61 /* SwipeTableViewController.swift */ = {isa = PBXFileReference; lastKnownFileType = sourcecode.swift; path = SwipeTableViewController.swift; sourceTree = "<group>"; };
		95DC90CE2194A2B900EDCABC /* Item.swift */ = {isa = PBXFileReference; lastKnownFileType = sourcecode.swift; path = Item.swift; sourceTree = "<group>"; };
		95DC90D02194A2D600EDCABC /* Category.swift */ = {isa = PBXFileReference; lastKnownFileType = sourcecode.swift; path = Category.swift; sourceTree = "<group>"; };
		EA4F551D3EB9A9898BD6CFD0 /* Pods_ToDoey.framework */ = {isa = PBXFileReference; explicitFileType = wrapper.framework; includeInIndex = 0; path = Pods_ToDoey.framework; sourceTree = BUILT_PRODUCTS_DIR; };
		FE466966CA257C5991DBB8E8 /* Pods-ToDoey.debug.xcconfig */ = {isa = PBXFileReference; includeInIndex = 1; lastKnownFileType = text.xcconfig; name = "Pods-ToDoey.debug.xcconfig"; path = "Pods/Target Support Files/Pods-ToDoey/Pods-ToDoey.debug.xcconfig"; sourceTree = "<group>"; };
/* End PBXFileReference section */

/* Begin PBXFrameworksBuildPhase section */
		954CBE072178E5CF0018CAC8 /* Frameworks */ = {
			isa = PBXFrameworksBuildPhase;
			buildActionMask = 2147483647;
			files = (
				B7018D83BAF71B534AA8843D /* Pods_ToDoey.framework in Frameworks */,
			);
			runOnlyForDeploymentPostprocessing = 0;
		};
/* End PBXFrameworksBuildPhase section */

/* Begin PBXGroup section */
		5C26B9E66571B51EE7306EF1 /* Frameworks */ = {
			isa = PBXGroup;
			children = (
				EA4F551D3EB9A9898BD6CFD0 /* Pods_ToDoey.framework */,
			);
			name = Frameworks;
			sourceTree = "<group>";
		};
		954CBE012178E5CF0018CAC8 = {
			isa = PBXGroup;
			children = (
				954CBE0C2178E5CF0018CAC8 /* ToDoey */,
				954CBE0B2178E5CF0018CAC8 /* Products */,
				CAB975D72D259047E5EB4D66 /* Pods */,
				5C26B9E66571B51EE7306EF1 /* Frameworks */,
			);
			sourceTree = "<group>";
		};
		954CBE0B2178E5CF0018CAC8 /* Products */ = {
			isa = PBXGroup;
			children = (
				954CBE0A2178E5CF0018CAC8 /* ToDoey.app */,
			);
			name = Products;
			sourceTree = "<group>";
		};
		954CBE0C2178E5CF0018CAC8 /* ToDoey */ = {
			isa = PBXGroup;
			children = (
				954CBE0D2178E5CF0018CAC8 /* AppDelegate.swift */,
				958AB7F0217CD0E500056BC3 /* Controllers */,
				958AB7EF217CD0C000056BC3 /* Data Model */,
				958AB7F1217CD11400056BC3 /* Views */,
				958AB7F2217CD13C00056BC3 /* Supporting Files */,
				954CBE192178E5D00018CAC8 /* Info.plist */,
			);
			path = ToDoey;
			sourceTree = "<group>";
		};
		958AB7EF217CD0C000056BC3 /* Data Model */ = {
			isa = PBXGroup;
			children = (
				95DC90D02194A2D600EDCABC /* Category.swift */,
				95DC90CE2194A2B900EDCABC /* Item.swift */,
			);
			path = "Data Model";
			sourceTree = "<group>";
		};
		958AB7F0217CD0E500056BC3 /* Controllers */ = {
			isa = PBXGroup;
			children = (
				95A03FD821ADBB0900E14A61 /* SwipeTableViewController.swift */,
				954FF3872188C1B8004ABB9B /* CategoryViewController.swift */,
				954CBE0F2178E5CF0018CAC8 /* TodoListViewController.swift */,
			);
			path = Controllers;
			sourceTree = "<group>";
		};
		958AB7F1217CD11400056BC3 /* Views */ = {
			isa = PBXGroup;
			children = (
				954CBE112178E5CF0018CAC8 /* Main.storyboard */,
			);
			path = Views;
			sourceTree = "<group>";
		};
		958AB7F2217CD13C00056BC3 /* Supporting Files */ = {
			isa = PBXGroup;
			children = (
				954CBE142178E5D00018CAC8 /* Assets.xcassets */,
				954CBE162178E5D00018CAC8 /* LaunchScreen.storyboard */,
			);
			path = "Supporting Files";
			sourceTree = "<group>";
		};
		CAB975D72D259047E5EB4D66 /* Pods */ = {
			isa = PBXGroup;
			children = (
				FE466966CA257C5991DBB8E8 /* Pods-ToDoey.debug.xcconfig */,
				0C00F394A527D488B182849F /* Pods-ToDoey.release.xcconfig */,
			);
			name = Pods;
			sourceTree = "<group>";
		};
/* End PBXGroup section */

/* Begin PBXNativeTarget section */
		954CBE092178E5CF0018CAC8 /* ToDoey */ = {
			isa = PBXNativeTarget;
			buildConfigurationList = 954CBE1C2178E5D00018CAC8 /* Build configuration list for PBXNativeTarget "ToDoey" */;
			buildPhases = (
				D77F999F674214C59FE4EFDC /* [CP] Check Pods Manifest.lock */,
				954CBE062178E5CF0018CAC8 /* Sources */,
				954CBE072178E5CF0018CAC8 /* Frameworks */,
				954CBE082178E5CF0018CAC8 /* Resources */,
				B4805C2E3AA39CF1990DF509 /* [CP] Embed Pods Frameworks */,
			);
			buildRules = (
			);
			dependencies = (
			);
			name = ToDoey;
			productName = ToDoey;
			productReference = 954CBE0A2178E5CF0018CAC8 /* ToDoey.app */;
			productType = "com.apple.product-type.application";
		};
/* End PBXNativeTarget section */

/* Begin PBXProject section */
		954CBE022178E5CF0018CAC8 /* Project object */ = {
			isa = PBXProject;
			attributes = {
				LastSwiftUpdateCheck = 1000;
				LastUpgradeCheck = 1000;
				ORGANIZATIONNAME = "Thomas Fahlke";
				TargetAttributes = {
					954CBE092178E5CF0018CAC8 = {
						CreatedOnToolsVersion = 10.0;
					};
				};
			};
			buildConfigurationList = 954CBE052178E5CF0018CAC8 /* Build configuration list for PBXProject "ToDoey" */;
			compatibilityVersion = "Xcode 9.3";
			developmentRegion = en;
			hasScannedForEncodings = 0;
			knownRegions = (
				en,
				Base,
			);
			mainGroup = 954CBE012178E5CF0018CAC8;
			productRefGroup = 954CBE0B2178E5CF0018CAC8 /* Products */;
			projectDirPath = "";
			projectRoot = "";
			targets = (
				954CBE092178E5CF0018CAC8 /* ToDoey */,
			);
		};
/* End PBXProject section */

/* Begin PBXResourcesBuildPhase section */
		954CBE082178E5CF0018CAC8 /* Resources */ = {
			isa = PBXResourcesBuildPhase;
			buildActionMask = 2147483647;
			files = (
				954CBE182178E5D00018CAC8 /* LaunchScreen.storyboard in Resources */,
				954CBE152178E5D00018CAC8 /* Assets.xcassets in Resources */,
				954CBE132178E5CF0018CAC8 /* Main.storyboard in Resources */,
			);
			runOnlyForDeploymentPostprocessing = 0;
		};
/* End PBXResourcesBuildPhase section */

/* Begin PBXShellScriptBuildPhase section */
		B4805C2E3AA39CF1990DF509 /* [CP] Embed Pods Frameworks */ = {
			isa = PBXShellScriptBuildPhase;
			buildActionMask = 2147483647;
			files = (
			);
			inputFileListPaths = (
			);
			inputPaths = (
				"${SRCROOT}/Pods/Target Support Files/Pods-ToDoey/Pods-ToDoey-frameworks.sh",
				"${BUILT_PRODUCTS_DIR}/ChameleonFramework/ChameleonFramework.framework",
				"${BUILT_PRODUCTS_DIR}/Realm/Realm.framework",
				"${BUILT_PRODUCTS_DIR}/RealmSwift/RealmSwift.framework",
				"${BUILT_PRODUCTS_DIR}/SwipeCellKit/SwipeCellKit.framework",
			);
			name = "[CP] Embed Pods Frameworks";
			outputFileListPaths = (
			);
			outputPaths = (
				"${TARGET_BUILD_DIR}/${FRAMEWORKS_FOLDER_PATH}/ChameleonFramework.framework",
				"${TARGET_BUILD_DIR}/${FRAMEWORKS_FOLDER_PATH}/Realm.framework",
				"${TARGET_BUILD_DIR}/${FRAMEWORKS_FOLDER_PATH}/RealmSwift.framework",
				"${TARGET_BUILD_DIR}/${FRAMEWORKS_FOLDER_PATH}/SwipeCellKit.framework",
			);
			runOnlyForDeploymentPostprocessing = 0;
			shellPath = /bin/sh;
			shellScript = "\"${SRCROOT}/Pods/Target Support Files/Pods-ToDoey/Pods-ToDoey-frameworks.sh\"\n";
			showEnvVarsInLog = 0;
		};
		D77F999F674214C59FE4EFDC /* [CP] Check Pods Manifest.lock */ = {
			isa = PBXShellScriptBuildPhase;
			buildActionMask = 2147483647;
			files = (
			);
			inputFileListPaths = (
			);
			inputPaths = (
				"${PODS_PODFILE_DIR_PATH}/Podfile.lock",
				"${PODS_ROOT}/Manifest.lock",
			);
			name = "[CP] Check Pods Manifest.lock";
			outputFileListPaths = (
			);
			outputPaths = (
				"$(DERIVED_FILE_DIR)/Pods-ToDoey-checkManifestLockResult.txt",
			);
			runOnlyForDeploymentPostprocessing = 0;
			shellPath = /bin/sh;
			shellScript = "diff \"${PODS_PODFILE_DIR_PATH}/Podfile.lock\" \"${PODS_ROOT}/Manifest.lock\" > /dev/null\nif [ $? != 0 ] ; then\n    # print error to STDERR\n    echo \"error: The sandbox is not in sync with the Podfile.lock. Run 'pod install' or update your CocoaPods installation.\" >&2\n    exit 1\nfi\n# This output is used by Xcode 'outputs' to avoid re-running this script phase.\necho \"SUCCESS\" > \"${SCRIPT_OUTPUT_FILE_0}\"\n";
			showEnvVarsInLog = 0;
		};
/* End PBXShellScriptBuildPhase section */

/* Begin PBXSourcesBuildPhase section */
		954CBE062178E5CF0018CAC8 /* Sources */ = {
			isa = PBXSourcesBuildPhase;
			buildActionMask = 2147483647;
			files = (
				95DC90CF2194A2B900EDCABC /* Item.swift in Sources */,
				954FF3882188C1B8004ABB9B /* CategoryViewController.swift in Sources */,
				954CBE102178E5CF0018CAC8 /* TodoListViewController.swift in Sources */,
				954CBE0E2178E5CF0018CAC8 /* AppDelegate.swift in Sources */,
				95A03FD921ADBB0900E14A61 /* SwipeTableViewController.swift in Sources */,
				95DC90D12194A2D600EDCABC /* Category.swift in Sources */,
			);
			runOnlyForDeploymentPostprocessing = 0;
		};
/* End PBXSourcesBuildPhase section */

/* Begin PBXVariantGroup section */
		954CBE112178E5CF0018CAC8 /* Main.storyboard */ = {
			isa = PBXVariantGroup;
			children = (
				954CBE122178E5CF0018CAC8 /* Base */,
			);
			name = Main.storyboard;
			sourceTree = "<group>";
		};
		954CBE162178E5D00018CAC8 /* LaunchScreen.storyboard */ = {
			isa = PBXVariantGroup;
			children = (
				954CBE172178E5D00018CAC8 /* Base */,
			);
			name = LaunchScreen.storyboard;
			sourceTree = "<group>";
		};
/* End PBXVariantGroup section */

/* Begin XCBuildConfiguration section */
		954CBE1A2178E5D00018CAC8 /* Debug */ = {
			isa = XCBuildConfiguration;
			buildSettings = {
				ALWAYS_SEARCH_USER_PATHS = NO;
				CLANG_ANALYZER_NONNULL = YES;
				CLANG_ANALYZER_NUMBER_OBJECT_CONVERSION = YES_AGGRESSIVE;
				CLANG_CXX_LANGUAGE_STANDARD = "gnu++14";
				CLANG_CXX_LIBRARY = "libc++";
				CLANG_ENABLE_MODULES = YES;
				CLANG_ENABLE_OBJC_ARC = YES;
				CLANG_ENABLE_OBJC_WEAK = YES;
				CLANG_WARN_BLOCK_CAPTURE_AUTORELEASING = YES;
				CLANG_WARN_BOOL_CONVERSION = YES;
				CLANG_WARN_COMMA = YES;
				CLANG_WARN_CONSTANT_CONVERSION = YES;
				CLANG_WARN_DEPRECATED_OBJC_IMPLEMENTATIONS = YES;
				CLANG_WARN_DIRECT_OBJC_ISA_USAGE = YES_ERROR;
				CLANG_WARN_DOCUMENTATION_COMMENTS = YES;
				CLANG_WARN_EMPTY_BODY = YES;
				CLANG_WARN_ENUM_CONVERSION = YES;
				CLANG_WARN_INFINITE_RECURSION = YES;
				CLANG_WARN_INT_CONVERSION = YES;
				CLANG_WARN_NON_LITERAL_NULL_CONVERSION = YES;
				CLANG_WARN_OBJC_IMPLICIT_RETAIN_SELF = YES;
				CLANG_WARN_OBJC_LITERAL_CONVERSION = YES;
				CLANG_WARN_OBJC_ROOT_CLASS = YES_ERROR;
				CLANG_WARN_RANGE_LOOP_ANALYSIS = YES;
				CLANG_WARN_STRICT_PROTOTYPES = YES;
				CLANG_WARN_SUSPICIOUS_MOVE = YES;
				CLANG_WARN_UNGUARDED_AVAILABILITY = YES_AGGRESSIVE;
				CLANG_WARN_UNREACHABLE_CODE = YES;
				CLANG_WARN__DUPLICATE_METHOD_MATCH = YES;
				CODE_SIGN_IDENTITY = "iPhone Developer";
				COPY_PHASE_STRIP = NO;
				DEBUG_INFORMATION_FORMAT = dwarf;
				ENABLE_STRICT_OBJC_MSGSEND = YES;
				ENABLE_TESTABILITY = YES;
				GCC_C_LANGUAGE_STANDARD = gnu11;
				GCC_DYNAMIC_NO_PIC = NO;
				GCC_NO_COMMON_BLOCKS = YES;
				GCC_OPTIMIZATION_LEVEL = 0;
				GCC_PREPROCESSOR_DEFINITIONS = (
					"DEBUG=1",
					"$(inherited)",
				);
				GCC_WARN_64_TO_32_BIT_CONVERSION = YES;
				GCC_WARN_ABOUT_RETURN_TYPE = YES_ERROR;
				GCC_WARN_UNDECLARED_SELECTOR = YES;
				GCC_WARN_UNINITIALIZED_AUTOS = YES_AGGRESSIVE;
				GCC_WARN_UNUSED_FUNCTION = YES;
				GCC_WARN_UNUSED_VARIABLE = YES;
				IPHONEOS_DEPLOYMENT_TARGET = 12.0;
				MTL_ENABLE_DEBUG_INFO = INCLUDE_SOURCE;
				MTL_FAST_MATH = YES;
				ONLY_ACTIVE_ARCH = YES;
				SDKROOT = iphoneos;
				SWIFT_ACTIVE_COMPILATION_CONDITIONS = DEBUG;
				SWIFT_OPTIMIZATION_LEVEL = "-Onone";
			};
			name = Debug;
		};
		954CBE1B2178E5D00018CAC8 /* Release */ = {
			isa = XCBuildConfiguration;
			buildSettings = {
				ALWAYS_SEARCH_USER_PATHS = NO;
				CLANG_ANALYZER_NONNULL = YES;
				CLANG_ANALYZER_NUMBER_OBJECT_CONVERSION = YES_AGGRESSIVE;
				CLANG_CXX_LANGUAGE_STANDARD = "gnu++14";
				CLANG_CXX_LIBRARY = "libc++";
				CLANG_ENABLE_MODULES = YES;
				CLANG_ENABLE_OBJC_ARC = YES;
				CLANG_ENABLE_OBJC_WEAK = YES;
				CLANG_WARN_BLOCK_CAPTURE_AUTORELEASING = YES;
				CLANG_WARN_BOOL_CONVERSION = YES;
				CLANG_WARN_COMMA = YES;
				CLANG_WARN_CONSTANT_CONVERSION = YES;
				CLANG_WARN_DEPRECATED_OBJC_IMPLEMENTATIONS = YES;
				CLANG_WARN_DIRECT_OBJC_ISA_USAGE = YES_ERROR;
				CLANG_WARN_DOCUMENTATION_COMMENTS = YES;
				CLANG_WARN_EMPTY_BODY = YES;
				CLANG_WARN_ENUM_CONVERSION = YES;
				CLANG_WARN_INFINITE_RECURSION = YES;
				CLANG_WARN_INT_CONVERSION = YES;
				CLANG_WARN_NON_LITERAL_NULL_CONVERSION = YES;
				CLANG_WARN_OBJC_IMPLICIT_RETAIN_SELF = YES;
				CLANG_WARN_OBJC_LITERAL_CONVERSION = YES;
				CLANG_WARN_OBJC_ROOT_CLASS = YES_ERROR;
				CLANG_WARN_RANGE_LOOP_ANALYSIS = YES;
				CLANG_WARN_STRICT_PROTOTYPES = YES;
				CLANG_WARN_SUSPICIOUS_MOVE = YES;
				CLANG_WARN_UNGUARDED_AVAILABILITY = YES_AGGRESSIVE;
				CLANG_WARN_UNREACHABLE_CODE = YES;
				CLANG_WARN__DUPLICATE_METHOD_MATCH = YES;
				CODE_SIGN_IDENTITY = "iPhone Developer";
				COPY_PHASE_STRIP = NO;
				DEBUG_INFORMATION_FORMAT = "dwarf-with-dsym";
				ENABLE_NS_ASSERTIONS = NO;
				ENABLE_STRICT_OBJC_MSGSEND = YES;
				GCC_C_LANGUAGE_STANDARD = gnu11;
				GCC_NO_COMMON_BLOCKS = YES;
				GCC_WARN_64_TO_32_BIT_CONVERSION = YES;
				GCC_WARN_ABOUT_RETURN_TYPE = YES_ERROR;
				GCC_WARN_UNDECLARED_SELECTOR = YES;
				GCC_WARN_UNINITIALIZED_AUTOS = YES_AGGRESSIVE;
				GCC_WARN_UNUSED_FUNCTION = YES;
				GCC_WARN_UNUSED_VARIABLE = YES;
				IPHONEOS_DEPLOYMENT_TARGET = 12.0;
				MTL_ENABLE_DEBUG_INFO = NO;
				MTL_FAST_MATH = YES;
				SDKROOT = iphoneos;
				SWIFT_COMPILATION_MODE = wholemodule;
				SWIFT_OPTIMIZATION_LEVEL = "-O";
				VALIDATE_PRODUCT = YES;
			};
			name = Release;
		};
		954CBE1D2178E5D00018CAC8 /* Debug */ = {
			isa = XCBuildConfiguration;
			baseConfigurationReference = FE466966CA257C5991DBB8E8 /* Pods-ToDoey.debug.xcconfig */;
			buildSettings = {
				ASSETCATALOG_COMPILER_APPICON_NAME = AppIcon;
				CODE_SIGN_STYLE = Automatic;
				DEVELOPMENT_TEAM = DBQ64F8VM2;
				INFOPLIST_FILE = ToDoey/Info.plist;
				LD_RUNPATH_SEARCH_PATHS = (
					"$(inherited)",
					"@executable_path/Frameworks",
				);
				PRODUCT_BUNDLE_IDENTIFIER = "de.baltic-falcon.ToDoey";
				PRODUCT_NAME = "$(TARGET_NAME)";
				SWIFT_VERSION = 4.2;
				TARGETED_DEVICE_FAMILY = "1,2";
			};
			name = Debug;
		};
		954CBE1E2178E5D00018CAC8 /* Release */ = {
			isa = XCBuildConfiguration;
			baseConfigurationReference = 0C00F394A527D488B182849F /* Pods-ToDoey.release.xcconfig */;
			buildSettings = {
				ASSETCATALOG_COMPILER_APPICON_NAME = AppIcon;
				CODE_SIGN_STYLE = Automatic;
				DEVELOPMENT_TEAM = DBQ64F8VM2;
				INFOPLIST_FILE = ToDoey/Info.plist;
				LD_RUNPATH_SEARCH_PATHS = (
					"$(inherited)",
					"@executable_path/Frameworks",
				);
				PRODUCT_BUNDLE_IDENTIFIER = "de.baltic-falcon.ToDoey";
				PRODUCT_NAME = "$(TARGET_NAME)";
				SWIFT_VERSION = 4.2;
				TARGETED_DEVICE_FAMILY = "1,2";
			};
			name = Release;
		};
/* End XCBuildConfiguration section */

/* Begin XCConfigurationList section */
		954CBE052178E5CF0018CAC8 /* Build configuration list for PBXProject "ToDoey" */ = {
			isa = XCConfigurationList;
			buildConfigurations = (
				954CBE1A2178E5D00018CAC8 /* Debug */,
				954CBE1B2178E5D00018CAC8 /* Release */,
			);
			defaultConfigurationIsVisible = 0;
			defaultConfigurationName = Release;
		};
		954CBE1C2178E5D00018CAC8 /* Build configuration list for PBXNativeTarget "ToDoey" */ = {
			isa = XCConfigurationList;
			buildConfigurations = (
				954CBE1D2178E5D00018CAC8 /* Debug */,
				954CBE1E2178E5D00018CAC8 /* Release */,
			);
			defaultConfigurationIsVisible = 0;
			defaultConfigurationName = Release;
		};
/* End XCConfigurationList section */
	};
	rootObject = 954CBE022178E5CF0018CAC8 /* Project object */;
}
